{
  "version": 4,
  "terraform_version": "1.4.2",
  "serial": 3,
  "lineage": "f3a0dfa0-5b5c-3636-aa51-0aec5f9024a8",
  "outputs": {},
  "resources": [
    {
      "mode": "managed",
      "type": "proxmox_vm_qemu",
      "name": "srv-ubuntu",
      "provider": "provider[\"registry.terraform.io/telmate/proxmox\"]",
      "instances": [
        {
          "status": "tainted",
          "schema_version": 0,
          "attributes": {
            "additional_wait": 5,
            "agent": 1,
            "args": null,
            "automatic_reboot": true,
            "balloon": 0,
            "bios": "seabios",
            "boot": null,
            "bootdisk": null,
            "bridge": null,
            "ci_wait": null,
            "cicustom": null,
            "cipassword": "test",
            "ciuser": "test",
            "clone": "ubuntu-server-22.04",
            "clone_wait": 10,
            "cloudinit_cdrom_storage": null,
            "cores": 2,
            "cpu": "host",
            "default_ipv4_address": null,
            "define_connection_info": true,
            "desc": "Ubuntu Server",
            "disk": [
              {
                "aio": "",
                "backup": true,
                "cache": "none",
                "discard": "",
                "file": "",
                "format": "",
                "iops": 0,
                "iops_max": 0,
                "iops_max_length": 0,
                "iops_rd": 0,
                "iops_rd_max": 0,
                "iops_rd_max_length": 0,
                "iops_wr": 0,
                "iops_wr_max": 0,
                "iops_wr_max_length": 0,
                "iothread": 0,
                "mbps": 0,
                "mbps_rd": 0,
                "mbps_rd_max": 0,
                "mbps_wr": 0,
                "mbps_wr_max": 0,
                "media": "",
                "replicate": 0,
                "size": "20G",
                "slot": 0,
                "ssd": 0,
                "storage": "disk_images",
                "storage_type": "",
                "type": "virtio",
                "volume": ""
              }
            ],
            "disk_gb": null,
            "force_create": false,
            "force_recreate_on_change_of": null,
            "full_clone": true,
            "guest_agent_ready_timeout": 100,
            "hagroup": null,
            "hastate": null,
            "hostpci": [],
            "hotplug": "network,disk,usb",
            "id": "pve/qemu/8001",
            "ipconfig0": "ip=192.168.1.200,gw=192.168.1.1",
            "ipconfig1": null,
            "ipconfig10": null,
            "ipconfig11": null,
            "ipconfig12": null,
            "ipconfig13": null,
            "ipconfig14": null,
            "ipconfig15": null,
            "ipconfig2": null,
            "ipconfig3": null,
            "ipconfig4": null,
            "ipconfig5": null,
            "ipconfig6": null,
            "ipconfig7": null,
            "ipconfig8": null,
            "ipconfig9": null,
            "iso": null,
            "kvm": true,
            "mac": null,
            "machine": null,
            "memory": 2048,
            "name": "srv-ubuntu",
            "nameserver": "8.8.8.8",
            "network": [
              {
                "bridge": "vmbr0",
                "firewall": false,
                "link_down": false,
                "macaddr": "",
                "model": "virtio",
                "mtu": 0,
                "queues": 0,
                "rate": 0,
                "tag": -1
              }
            ],
            "nic": null,
            "numa": null,
            "onboot": false,
            "oncreate": true,
            "os_network_config": null,
            "os_type": "cloud-init",
            "pool": null,
            "preprovision": true,
            "pxe": null,
            "qemu_os": null,
            "reboot_required": null,
            "scsihw": "lsi",
            "searchdomain": null,
            "serial": [],
            "sockets": 1,
            "ssh_forward_ip": null,
            "ssh_host": null,
            "ssh_port": null,
            "ssh_private_key": null,
            "ssh_user": null,
            "sshkeys": null,
            "startup": null,
            "storage": null,
            "storage_type": null,
            "tablet": true,
            "tags": null,
            "target_node": "pve",
            "timeouts": null,
            "unused_disk": null,
            "usb": [],
            "vcpus": 0,
            "vga": [],
            "vlan": -1,
            "vmid": 8001
          },
          "sensitive_attributes": [],
          "private": "eyJlMmJmYjczMC1lY2FhLTExZTYtOGY4OC0zNDM2M2JjN2M0YzAiOnsiY3JlYXRlIjoxMjAwMDAwMDAwMDAwLCJkZWZhdWx0IjoxMjAwMDAwMDAwMDAwLCJkZWxldGUiOjEyMDAwMDAwMDAwMDAsInJlYWQiOjEyMDAwMDAwMDAwMDAsInVwZGF0ZSI6MTIwMDAwMDAwMDAwMH19"
        }
      ]
    }
  ],
  "check_results": null
}
